
Microsoft Visual Studio Solution File, Format Version 10.00
# Visual Studio 2008
Project("{8BC9CEB8-8B4A-11D0-8D11-00A0C91BC942}") = "T02CLOCK", "T02CLOCK.vcproj", "{CEB0ACAA-338A-4092-BE96-EF16128F31DC}"
EndProject
Global
	GlobalSection(SolutionConfigurationPlatforms) = preSolution
		Debug|Win32 = Debug|Win32
		Release|Win32 = Release|Win32
	EndGlobalSection
	GlobalSection(ProjectConfigurationPlatforms) = postSolution
		{CEB0ACAA-338A-4092-BE96-EF16128F31DC}.Debug|Win32.ActiveCfg = Debug|Win32
		{CEB0ACAA-338A-4092-BE96-EF16128F31DC}.Debug|Win32.Build.0 = Debug|Win32
		{CEB0ACAA-338A-4092-BE96-EF16128F31DC}.Release|Win32.ActiveCfg = Release|Win32
		{CEB0ACAA-338A-4092-BE96-EF16128F31DC}.Release|Win32.Build.0 = Release|Win32
	EndGlobalSection
	GlobalSection(SolutionProperties) = preSolution
		HideSolutionNode = FALSE
	EndGlobalSection
EndGlobal
